
Microsoft Visual Studio Solution File, Format Version 12.00
# Visual Studio Version 17
VisualStudioVersion = 17.10.35122.118
MinimumVisualStudioVersion = 10.0.40219.1
Project("{FAE04EC0-301F-11D3-BF4B-00C04F79EFBC}") = "DumAPI", "DumAPI\DumAPI.csproj", "{3237B481-2615-41FA-9F14-E43DDD9E9A82}"
EndProject
Project("{E53339B2-1760-4266-BCC7-CA923CBCF16C}") = "docker-compose", "docker-compose.dcproj", "{6D58D535-74A7-4B83-9123-7725EDA2666A}"
EndProject
Global
	GlobalSection(SolutionConfigurationPlatforms) = preSolution
		Debug|Any CPU = Debug|Any CPU
		Release|Any CPU = Release|Any CPU
	EndGlobalSection
	GlobalSection(ProjectConfigurationPlatforms) = postSolution
		{3237B481-2615-41FA-9F14-E43DDD9E9A82}.Debug|Any CPU.ActiveCfg = Release|Any CPU
		{3237B481-2615-41FA-9F14-E43DDD9E9A82}.Debug|Any CPU.Build.0 = Release|Any CPU
		{3237B481-2615-41FA-9F14-E43DDD9E9A82}.Release|Any CPU.ActiveCfg = Release|Any CPU
		{3237B481-2615-41FA-9F14-E43DDD9E9A82}.Release|Any CPU.Build.0 = Release|Any CPU
		{6D58D535-74A7-4B83-9123-7725EDA2666A}.Debug|Any CPU.ActiveCfg = Release|Any CPU
		{6D58D535-74A7-4B83-9123-7725EDA2666A}.Debug|Any CPU.Build.0 = Release|Any CPU
		{6D58D535-74A7-4B83-9123-7725EDA2666A}.Release|Any CPU.ActiveCfg = Release|Any CPU
		{6D58D535-74A7-4B83-9123-7725EDA2666A}.Release|Any CPU.Build.0 = Release|Any CPU
	EndGlobalSection
	GlobalSection(SolutionProperties) = preSolution
		HideSolutionNode = FALSE
	EndGlobalSection
	GlobalSection(ExtensibilityGlobals) = postSolution
		SolutionGuid = {5144294F-F026-4C29-8CD8-E0122C043B2B}
	EndGlobalSection
EndGlobal
