
Microsoft Visual Studio Solution File, Format Version 12.00
# Visual Studio Version 17
VisualStudioVersion = 17.12.35527.113 d17.12
MinimumVisualStudioVersion = 10.0.40219.1
Project("{FAE04EC0-301F-11D3-BF4B-00C04F79EFBC}") = "DummbAPI", "DummbAPI\DummbAPI.csproj", "{5FD4F758-4D8D-40F8-BC96-DC7DEA490611}"
EndProject
Project("{E53339B2-1760-4266-BCC7-CA923CBCF16C}") = "docker-compose", "docker-compose.dcproj", "{07E99E72-6233-44B2-9275-93F2304C2E96}"
EndProject
Global
	GlobalSection(SolutionConfigurationPlatforms) = preSolution
		Debug|Any CPU = Debug|Any CPU
		Release|Any CPU = Release|Any CPU
	EndGlobalSection
	GlobalSection(ProjectConfigurationPlatforms) = postSolution
		{5FD4F758-4D8D-40F8-BC96-DC7DEA490611}.Debug|Any CPU.ActiveCfg = Debug|Any CPU
		{5FD4F758-4D8D-40F8-BC96-DC7DEA490611}.Debug|Any CPU.Build.0 = Debug|Any CPU
		{5FD4F758-4D8D-40F8-BC96-DC7DEA490611}.Release|Any CPU.ActiveCfg = Release|Any CPU
		{5FD4F758-4D8D-40F8-BC96-DC7DEA490611}.Release|Any CPU.Build.0 = Release|Any CPU
		{07E99E72-6233-44B2-9275-93F2304C2E96}.Debug|Any CPU.ActiveCfg = Debug|Any CPU
		{07E99E72-6233-44B2-9275-93F2304C2E96}.Debug|Any CPU.Build.0 = Debug|Any CPU
		{07E99E72-6233-44B2-9275-93F2304C2E96}.Release|Any CPU.ActiveCfg = Release|Any CPU
		{07E99E72-6233-44B2-9275-93F2304C2E96}.Release|Any CPU.Build.0 = Release|Any CPU
	EndGlobalSection
	GlobalSection(SolutionProperties) = preSolution
		HideSolutionNode = FALSE
	EndGlobalSection
EndGlobal
